<?xml version="1.0" encoding="utf-8"?>
<Project ToolsVersion="4.0" xmlns="http://schemas.microsoft.com/developer/msbuild/2003">
  <ItemGroup>
    <Filter Include="ソース ファイル">
      <UniqueIdentifier>{4FC737F1-C7A5-4376-A066-2A32D752A2FF}</UniqueIdentifier>
      <Extensions>cpp;c;cc;cxx;c++;cppm;ixx;def;odl;idl;hpj;bat;asm;asmx</Extensions>
    </Filter>
    <Filter Include="ヘッダー ファイル">
      <UniqueIdentifier>{93995380-89BD-4b04-88EB-625FBE52EBFB}</UniqueIdentifier>
      <Extensions>h;hh;hpp;hxx;h++;hm;inl;inc;ipp;xsd</Extensions>
    </Filter>
    <Filter Include="リソース ファイル">
      <UniqueIdentifier>{67DA6AB6-F800-4c08-8B7A-83BB121AAD01}</UniqueIdentifier>
      <Extensions>rc;ico;cur;bmp;dlg;rc2;rct;bin;rgs;gif;jpg;jpeg;jpe;resx;tiff;tif;png;wav;mfcribbon-ms</Extensions>
    </Filter>
    <Filter Include="ソース ファイル\scene">
      <UniqueIdentifier>{b9c4bfca-e6cd-4073-9a9b-ee07c6abf107}</UniqueIdentifier>
    </Filter>
    <Filter Include="ヘッダー ファイル\scene">
      <UniqueIdentifier>{771456cb-c621-48de-97fc-d0d2aa539088}</UniqueIdentifier>
    </Filter>
    <Filter Include="ヘッダー ファイル\base">
      <UniqueIdentifier>{63f5a251-ab40-495e-a7a9-64ea7de90460}</UniqueIdentifier>
    </Filter>
    <Filter Include="ソース ファイル\base">
      <UniqueIdentifier>{e633ff4d-4912-4fb7-9257-b2f8002a0547}</UniqueIdentifier>
    </Filter>
    <Filter Include="ソース ファイル\math">
      <UniqueIdentifier>{d9484686-97fa-469e-bfdb-344b87a3eaa3}</UniqueIdentifier>
    </Filter>
    <Filter Include="ヘッダー ファイル\math">
      <UniqueIdentifier>{b253f697-3e87-4f9a-81fc-4bb5df5f03d5}</UniqueIdentifier>
    </Filter>
    <Filter Include="ソース ファイル\sprite">
      <UniqueIdentifier>{547b5758-7243-4909-96ee-63489bba17d0}</UniqueIdentifier>
    </Filter>
    <Filter Include="ヘッダー ファイル\sprite">
      <UniqueIdentifier>{7cb3f28e-172a-47a9-8de4-68f2126ac49e}</UniqueIdentifier>
    </Filter>
    <Filter Include="ソース ファイル\i/o">
      <UniqueIdentifier>{a17799bd-cad3-492b-a4dd-c15162552510}</UniqueIdentifier>
    </Filter>
    <Filter Include="ヘッダー ファイル\3dObject">
      <UniqueIdentifier>{12aa527a-6205-40c5-9408-e985529bb995}</UniqueIdentifier>
    </Filter>
    <Filter Include="ソース ファイル\3dObject">
      <UniqueIdentifier>{bea34884-5d02-4d34-bb93-d491e7c2f0ee}</UniqueIdentifier>
    </Filter>
    <Filter Include="ヘッダー ファイル\scene\sceneManager">
      <UniqueIdentifier>{912241c8-d2aa-4e9e-b8f1-33145abd2e3a}</UniqueIdentifier>
    </Filter>
    <Filter Include="ソース ファイル\scene\sceneManager">
      <UniqueIdentifier>{30543e8d-f132-4540-b3b2-7abf67bc45c2}</UniqueIdentifier>
    </Filter>
    <Filter Include="ヘッダー ファイル\Collision">
      <UniqueIdentifier>{a73702cf-a68f-4654-9811-d2d90a4f486f}</UniqueIdentifier>
    </Filter>
    <Filter Include="ソース ファイル\FBX">
      <UniqueIdentifier>{ba92a177-9bd4-433a-b99f-918ce4cc53dc}</UniqueIdentifier>
    </Filter>
    <Filter Include="ヘッダー ファイル\i/o">
      <UniqueIdentifier>{4a7038f6-7201-4cf6-a948-d82741820997}</UniqueIdentifier>
    </Filter>
    <Filter Include="ソース ファイル\Collider">
      <UniqueIdentifier>{c1906939-260c-49b7-9ac4-3e158a154cac}</UniqueIdentifier>
    </Filter>
    <Filter Include="ヘッダー ファイル\Camera">
      <UniqueIdentifier>{17174c8c-351f-4046-8551-0c223e3c4020}</UniqueIdentifier>
    </Filter>
    <Filter Include="ソース ファイル\Camera">
      <UniqueIdentifier>{66c490aa-62a5-4f93-b6bf-d49a1b2b3b9e}</UniqueIdentifier>
    </Filter>
    <Filter Include="ヘッダー ファイル\imguiManager">
      <UniqueIdentifier>{aa0655a0-38fc-4d39-87fa-15ad8440f5f6}</UniqueIdentifier>
    </Filter>
    <Filter Include="ソース ファイル\imguiManager">
      <UniqueIdentifier>{448ec0f4-b5b2-4889-ba7d-78036ae31025}</UniqueIdentifier>
    </Filter>
    <Filter Include="ヘッダー ファイル\scene\gameCamera">
      <UniqueIdentifier>{f47a7db3-d803-4feb-9d1a-e1641c7123b4}</UniqueIdentifier>
    </Filter>
    <Filter Include="ソース ファイル\scene\gameCamera">
      <UniqueIdentifier>{dcace63a-580d-4595-a425-cdc8a2a1870f}</UniqueIdentifier>
    </Filter>
    <Filter Include="ソース ファイル\scene\enemy">
      <UniqueIdentifier>{0b95dcfa-f0e6-41ed-b122-a3707f28b9ae}</UniqueIdentifier>
    </Filter>
    <Filter Include="ヘッダー ファイル\scene\Player">
      <UniqueIdentifier>{4012ab8a-dc1a-4ca6-912d-7cfa55fcde79}</UniqueIdentifier>
    </Filter>
    <Filter Include="ソース ファイル\scene\Player">
      <UniqueIdentifier>{6f1edab6-d6e9-40a2-8750-ca6962eabe7b}</UniqueIdentifier>
    </Filter>
    <Filter Include="ヘッダー ファイル\scene\enemy">
      <UniqueIdentifier>{aaf24784-db08-4978-b931-631ee19a0fd5}</UniqueIdentifier>
    </Filter>
    <Filter Include="ソース ファイル\Effect">
      <UniqueIdentifier>{35237bcb-ad03-4b1e-9545-467beb466cb5}</UniqueIdentifier>
    </Filter>
    <Filter Include="ヘッダー ファイル\Effect">
      <UniqueIdentifier>{d94df0d5-870c-4100-814f-71060b485422}</UniqueIdentifier>
    </Filter>
    <Filter Include="ヘッダー ファイル\i/o\FBX">
      <UniqueIdentifier>{449bcc78-8c55-44ef-b50b-d7fbebd47415}</UniqueIdentifier>
    </Filter>
    <Filter Include="ソース ファイル\SummarizeEngine">
      <UniqueIdentifier>{7f6e30bc-da1f-443c-99fa-ad54592c1edc}</UniqueIdentifier>
    </Filter>
    <Filter Include="ヘッダー ファイル\SummarizeEngine">
      <UniqueIdentifier>{d58c5765-f6df-4ecf-9a86-e17c7f623500}</UniqueIdentifier>
    </Filter>
    <Filter Include="ヘッダー ファイル\LevelEditor">
      <UniqueIdentifier>{63cb2a57-250a-472e-860e-d92f409e1c04}</UniqueIdentifier>
    </Filter>
    <Filter Include="ソース ファイル\LevelEditor">
      <UniqueIdentifier>{223dbc44-dc06-46cd-aee1-2259495a8ccf}</UniqueIdentifier>
    </Filter>
    <Filter Include="ソース ファイル\scene\Player\bullet">
      <UniqueIdentifier>{743fee90-a64e-490b-9cc2-77d362a92da9}</UniqueIdentifier>
    </Filter>
    <Filter Include="ヘッダー ファイル\scene\Player\bullet">
      <UniqueIdentifier>{3554c282-87a6-4d18-be03-17a9ded77f5f}</UniqueIdentifier>
    </Filter>
  </ItemGroup>
  <ItemGroup>
    <ClCompile Include="main.cpp">
      <Filter>ソース ファイル\base</Filter>
    </ClCompile>
    <ClCompile Include="scene\sceneManager\EndScene.cpp">
      <Filter>ソース ファイル\scene\sceneManager</Filter>
    </ClCompile>
    <ClCompile Include="scene\sceneManager\GamePart1.cpp">
      <Filter>ソース ファイル\scene\sceneManager</Filter>
    </ClCompile>
    <ClCompile Include="scene\sceneManager\IScene.cpp">
      <Filter>ソース ファイル\scene\sceneManager</Filter>
    </ClCompile>
    <ClCompile Include="scene\sceneManager\SceneManager.cpp">
      <Filter>ソース ファイル\scene\sceneManager</Filter>
    </ClCompile>
    <ClCompile Include="scene\sceneManager\TitleScene.cpp">
      <Filter>ソース ファイル\scene\sceneManager</Filter>
    </ClCompile>
    <ClCompile Include="scene\sceneManager\GamePart2.cpp">
      <Filter>ソース ファイル\scene\sceneManager</Filter>
    </ClCompile>
    <ClCompile Include="engine\3dObject\Mesh.cpp">
      <Filter>ソース ファイル\3dObject</Filter>
    </ClCompile>
    <ClCompile Include="engine\3dObject\Object3d.cpp">
      <Filter>ソース ファイル\3dObject</Filter>
    </ClCompile>
    <ClCompile Include="engine\3dObject\WorldTransform.cpp">
      <Filter>ソース ファイル\3dObject</Filter>
    </ClCompile>
    <ClCompile Include="engine\math\Ease.cpp">
      <Filter>ソース ファイル\math</Filter>
    </ClCompile>
    <ClCompile Include="engine\math\MathFunc.cpp">
      <Filter>ソース ファイル\math</Filter>
    </ClCompile>
    <ClCompile Include="engine\math\Matrix4.cpp">
      <Filter>ソース ファイル\math</Filter>
    </ClCompile>
    <ClCompile Include="engine\math\Quaternion.cpp">
      <Filter>ソース ファイル\math</Filter>
    </ClCompile>
    <ClCompile Include="engine\math\Vector2.cpp">
      <Filter>ソース ファイル\math</Filter>
    </ClCompile>
    <ClCompile Include="engine\math\Vector3.cpp">
      <Filter>ソース ファイル\math</Filter>
    </ClCompile>
    <ClCompile Include="engine\math\Vector4.cpp">
      <Filter>ソース ファイル\math</Filter>
    </ClCompile>
    <ClCompile Include="engine\sprite\Sprite.cpp">
      <Filter>ソース ファイル\sprite</Filter>
    </ClCompile>
    <ClCompile Include="engine\sprite\SpriteCommon.cpp">
      <Filter>ソース ファイル\sprite</Filter>
    </ClCompile>
    <ClCompile Include="engine\fbx\FBXLoader.cpp">
      <Filter>ソース ファイル\FBX</Filter>
    </ClCompile>
    <ClCompile Include="engine\fbx\FBXModel.cpp">
      <Filter>ソース ファイル\FBX</Filter>
    </ClCompile>
    <ClCompile Include="engine\fbx\FBXObject3d.cpp">
      <Filter>ソース ファイル\FBX</Filter>
    </ClCompile>
    <ClCompile Include="engine\input\input.cpp">
      <Filter>ソース ファイル\i/o</Filter>
    </ClCompile>
    <ClCompile Include="engine\audio\Audio.cpp">
      <Filter>ソース ファイル\i/o</Filter>
    </ClCompile>
    <ClCompile Include="engine\Collider\Collision.cpp">
      <Filter>ソース ファイル\Collider</Filter>
    </ClCompile>
    <ClCompile Include="engine\Collider\CollisionManager.cpp">
      <Filter>ソース ファイル\Collider</Filter>
    </ClCompile>
    <ClCompile Include="engine\Collider\CollisionPrimitive.cpp">
      <Filter>ソース ファイル\Collider</Filter>
    </ClCompile>
    <ClCompile Include="engine\Collider\MeshCollider.cpp">
      <Filter>ソース ファイル\Collider</Filter>
    </ClCompile>
    <ClCompile Include="engine\Collider\SphereCollider.cpp">
      <Filter>ソース ファイル\Collider</Filter>
    </ClCompile>
    <ClCompile Include="engine\camera\Camera.cpp">
      <Filter>ソース ファイル\Camera</Filter>
    </ClCompile>
    <ClCompile Include="engine\imguiManager\ImGuiManager.cpp">
      <Filter>ソース ファイル\imguiManager</Filter>
    </ClCompile>
    <ClCompile Include="scene\gameCamera\GameCamera.cpp">
      <Filter>ソース ファイル\scene\gameCamera</Filter>
    </ClCompile>
    <ClCompile Include="engine\common\DirectXCommon.cpp">
      <Filter>ソース ファイル\base</Filter>
    </ClCompile>
    <ClCompile Include="engine\common\WinApp.cpp">
      <Filter>ソース ファイル\base</Filter>
    </ClCompile>
    <ClCompile Include="engine\particleManager\ParticleManager.cpp">
      <Filter>ソース ファイル\Effect</Filter>
    </ClCompile>
    <ClCompile Include="engine\hitstopManager\HitStopManager.cpp">
      <Filter>ソース ファイル\Effect</Filter>
    </ClCompile>
    <ClCompile Include="scene\sceneObject\Ground.cpp">
      <Filter>ソース ファイル\scene</Filter>
    </ClCompile>
    <ClCompile Include="engine\SummarizeEngine\SummarizeEngine.cpp">
      <Filter>ソース ファイル\SummarizeEngine</Filter>
    </ClCompile>
    <ClCompile Include="engine\LevelEditor\json.cpp">
      <Filter>ソース ファイル\LevelEditor</Filter>
    </ClCompile>
    <ClCompile Include="scene\sceneObject\GameObjManager.cpp">
      <Filter>ソース ファイル\LevelEditor</Filter>
    </ClCompile>
    <ClCompile Include="scene\Application.cpp">
      <Filter>ソース ファイル\scene</Filter>
    </ClCompile>
    <ClCompile Include="engine\math\SplineCurve.cpp">
      <Filter>ソース ファイル\math</Filter>
    </ClCompile>
    <ClCompile Include="scene\sceneObject\Player\Atk1.cpp">
      <Filter>ソース ファイル\scene\Player</Filter>
    </ClCompile>
    <ClCompile Include="scene\sceneObject\Player\FbxPlayer.cpp">
      <Filter>ソース ファイル\scene\Player</Filter>
    </ClCompile>
    <ClCompile Include="scene\sceneObject\Player\Move.cpp">
      <Filter>ソース ファイル\scene\Player</Filter>
    </ClCompile>
    <ClCompile Include="scene\sceneObject\Player\PlayerAction.cpp">
      <Filter>ソース ファイル\scene\Player</Filter>
    </ClCompile>
    <ClCompile Include="scene\sceneObject\Player\PlayerActionManager.cpp">
      <Filter>ソース ファイル\scene\Player</Filter>
    </ClCompile>
    <ClCompile Include="scene\sceneObject\Player\PlayerReticle.cpp">
      <Filter>ソース ファイル\scene\Player</Filter>
    </ClCompile>
    <ClCompile Include="scene\sceneObject\Player\PlayerHomingBullet.cpp">
      <Filter>ソース ファイル\scene\Player\bullet</Filter>
    </ClCompile>
    <ClCompile Include="scene\sceneObject\Player\PlayerRapidBullet.cpp">
      <Filter>ソース ファイル\scene\Player\bullet</Filter>
    </ClCompile>
    <ClCompile Include="scene\sceneObject\Enemy\BasicEnemy.cpp">
      <Filter>ソース ファイル\scene\enemy</Filter>
    </ClCompile>
    <ClCompile Include="scene\sceneObject\Enemy\Enemy.cpp">
      <Filter>ソース ファイル\scene\enemy</Filter>
    </ClCompile>
    <ClCompile Include="scene\sceneObject\Enemy\EnemyManager.cpp">
      <Filter>ソース ファイル\scene\enemy</Filter>
    </ClCompile>
    <ClCompile Include="scene\sceneObject\Enemy\WalkingEnemy.cpp">
      <Filter>ソース ファイル\scene\enemy</Filter>
    </ClCompile>
    <ClCompile Include="scene\sceneObject\Enemy\FloatingEnemy.cpp">
      <Filter>ソース ファイル</Filter>
    </ClCompile>
    <ClCompile Include="scene\sceneObject\Enemy\EnemyBullet\EnemyNormalBullet.cpp">
      <Filter>ソース ファイル</Filter>
    </ClCompile>
    <ClCompile Include="scene\sceneObject\Enemy\OjamaFence.cpp">
      <Filter>ソース ファイル</Filter>
    </ClCompile>
    <ClCompile Include="scene\sceneObject\Enemy\CarryBallEnemy.cpp">
      <Filter>ソース ファイル</Filter>
    </ClCompile>
    <ClCompile Include="scene\sceneObject\Enemy\EnemyBullet\EnemyBoundBall.cpp">
      <Filter>ソース ファイル</Filter>
    </ClCompile>
  </ItemGroup>
  <ItemGroup>
    <FxCompile Include="Resources\shaders\ObjPS.hlsl">
      <Filter>リソース ファイル</Filter>
    </FxCompile>
    <FxCompile Include="Resources\shaders\ObjVS.hlsl">
      <Filter>リソース ファイル</Filter>
    </FxCompile>
    <FxCompile Include="Resources\shaders\BasicPS.hlsl" />
    <FxCompile Include="Resources\shaders\BasicVS.hlsl" />
    <FxCompile Include="Resources\shaders\RimLightPS.hlsl">
      <Filter>リソース ファイル</Filter>
    </FxCompile>
    <FxCompile Include="Resources\shaders\RimLightVS.hlsl">
      <Filter>リソース ファイル</Filter>
    </FxCompile>
    <FxCompile Include="Resources\shaders\FBXPS.hlsl">
      <Filter>リソース ファイル</Filter>
    </FxCompile>
    <FxCompile Include="Resources\shaders\FBXVS.hlsl">
      <Filter>リソース ファイル</Filter>
    </FxCompile>
    <FxCompile Include="Resources\shaders\ParticleGS.hlsl">
      <Filter>リソース ファイル</Filter>
    </FxCompile>
    <FxCompile Include="Resources\shaders\ParticlePS.hlsl">
      <Filter>リソース ファイル</Filter>
    </FxCompile>
    <FxCompile Include="Resources\shaders\ParticleVS.hlsl">
      <Filter>リソース ファイル</Filter>
    </FxCompile>
  </ItemGroup>
  <ItemGroup>
    <ClInclude Include="scene\sceneManager\EndScene.h">
      <Filter>ヘッダー ファイル\scene\sceneManager</Filter>
    </ClInclude>
    <ClInclude Include="scene\sceneManager\GamePart1.h">
      <Filter>ヘッダー ファイル\scene\sceneManager</Filter>
    </ClInclude>
    <ClInclude Include="scene\sceneManager\IScene.h">
      <Filter>ヘッダー ファイル\scene\sceneManager</Filter>
    </ClInclude>
    <ClInclude Include="scene\sceneManager\SceneManager.h">
      <Filter>ヘッダー ファイル\scene\sceneManager</Filter>
    </ClInclude>
    <ClInclude Include="scene\sceneManager\TitleScene.h">
      <Filter>ヘッダー ファイル\scene\sceneManager</Filter>
    </ClInclude>
    <ClInclude Include="scene\sceneManager\SceneIntegrate.h">
      <Filter>ヘッダー ファイル\scene\sceneManager</Filter>
    </ClInclude>
    <ClInclude Include="scene\sceneManager\GamePart2.h">
      <Filter>ヘッダー ファイル\scene\sceneManager</Filter>
    </ClInclude>
    <ClInclude Include="engine\math\Ease.h">
      <Filter>ヘッダー ファイル\math</Filter>
    </ClInclude>
    <ClInclude Include="engine\math\MathFunc.h">
      <Filter>ヘッダー ファイル\math</Filter>
    </ClInclude>
    <ClInclude Include="engine\math\Matrix4.h">
      <Filter>ヘッダー ファイル\math</Filter>
    </ClInclude>
    <ClInclude Include="engine\math\Quaternion.h">
      <Filter>ヘッダー ファイル\math</Filter>
    </ClInclude>
    <ClInclude Include="engine\math\Vector2.h">
      <Filter>ヘッダー ファイル\math</Filter>
    </ClInclude>
    <ClInclude Include="engine\math\Vector3.h">
      <Filter>ヘッダー ファイル\math</Filter>
    </ClInclude>
    <ClInclude Include="engine\math\Vector4.h">
      <Filter>ヘッダー ファイル\math</Filter>
    </ClInclude>
    <ClInclude Include="engine\fbx\FBXLoader.h">
      <Filter>ヘッダー ファイル\i/o\FBX</Filter>
    </ClInclude>
    <ClInclude Include="engine\fbx\FBXModel.h">
      <Filter>ヘッダー ファイル\i/o\FBX</Filter>
    </ClInclude>
    <ClInclude Include="engine\fbx\FBXObject3d.h">
      <Filter>ヘッダー ファイル\i/o\FBX</Filter>
    </ClInclude>
    <ClInclude Include="engine\3dObject\Mesh.h">
      <Filter>ヘッダー ファイル\3dObject</Filter>
    </ClInclude>
    <ClInclude Include="engine\3dObject\Object3d.h">
      <Filter>ヘッダー ファイル\3dObject</Filter>
    </ClInclude>
    <ClInclude Include="engine\3dObject\WorldTransform.h">
      <Filter>ヘッダー ファイル\3dObject</Filter>
    </ClInclude>
    <ClInclude Include="engine\sprite\Sprite.h">
      <Filter>ヘッダー ファイル\sprite</Filter>
    </ClInclude>
    <ClInclude Include="engine\sprite\SpriteCommon.h">
      <Filter>ヘッダー ファイル\sprite</Filter>
    </ClInclude>
    <ClInclude Include="engine\Collider\BaseCollider.h">
      <Filter>ヘッダー ファイル\Collision</Filter>
    </ClInclude>
    <ClInclude Include="engine\Collider\Collision.h">
      <Filter>ヘッダー ファイル\Collision</Filter>
    </ClInclude>
    <ClInclude Include="engine\Collider\CollisionAttribute.h">
      <Filter>ヘッダー ファイル\Collision</Filter>
    </ClInclude>
    <ClInclude Include="engine\Collider\CollisionInfo.h">
      <Filter>ヘッダー ファイル\Collision</Filter>
    </ClInclude>
    <ClInclude Include="engine\Collider\CollisionManager.h">
      <Filter>ヘッダー ファイル\Collision</Filter>
    </ClInclude>
    <ClInclude Include="engine\Collider\CollisionPrimitive.h">
      <Filter>ヘッダー ファイル\Collision</Filter>
    </ClInclude>
    <ClInclude Include="engine\Collider\CollisionTypes.h">
      <Filter>ヘッダー ファイル\Collision</Filter>
    </ClInclude>
    <ClInclude Include="engine\Collider\MeshCollider.h">
      <Filter>ヘッダー ファイル\Collision</Filter>
    </ClInclude>
    <ClInclude Include="engine\Collider\RaycastHit.h">
      <Filter>ヘッダー ファイル\Collision</Filter>
    </ClInclude>
    <ClInclude Include="engine\Collider\SphereCollider.h">
      <Filter>ヘッダー ファイル\Collision</Filter>
    </ClInclude>
    <ClInclude Include="engine\input\input.h">
      <Filter>ヘッダー ファイル\i/o</Filter>
    </ClInclude>
    <ClInclude Include="engine\audio\Audio.h">
      <Filter>ヘッダー ファイル\i/o</Filter>
    </ClInclude>
    <ClInclude Include="engine\camera\Camera.h">
      <Filter>ヘッダー ファイル\Camera</Filter>
    </ClInclude>
    <ClInclude Include="engine\imguiManager\ImGuiManager.h">
      <Filter>ヘッダー ファイル\imguiManager</Filter>
    </ClInclude>
    <ClInclude Include="scene\gameCamera\GameCamera.h">
      <Filter>ヘッダー ファイル\scene\gameCamera</Filter>
    </ClInclude>
    <ClInclude Include="engine\common\DirectXCommon.h">
      <Filter>ヘッダー ファイル\base</Filter>
    </ClInclude>
    <ClInclude Include="engine\common\Error.h">
      <Filter>ヘッダー ファイル\base</Filter>
    </ClInclude>
    <ClInclude Include="engine\common\Global.h">
      <Filter>ヘッダー ファイル\base</Filter>
    </ClInclude>
    <ClInclude Include="engine\common\WinApp.h">
      <Filter>ヘッダー ファイル\base</Filter>
    </ClInclude>
    <ClInclude Include="engine\particleManager\ParticleManager.h">
      <Filter>ヘッダー ファイル\Effect</Filter>
    </ClInclude>
    <ClInclude Include="engine\hitstopManager\HitStopManager.h">
      <Filter>ヘッダー ファイル\Effect</Filter>
    </ClInclude>
    <ClInclude Include="scene\sceneObject\Ground.h">
      <Filter>ヘッダー ファイル\scene</Filter>
    </ClInclude>
    <ClInclude Include="engine\SummarizeEngine\SummarizeEngine.h">
      <Filter>ヘッダー ファイル\SummarizeEngine</Filter>
    </ClInclude>
    <ClInclude Include="engine\LevelEditor\json.h">
      <Filter>ヘッダー ファイル\LevelEditor</Filter>
    </ClInclude>
    <ClInclude Include="scene\Application.h">
      <Filter>ヘッダー ファイル\scene</Filter>
    </ClInclude>
    <ClInclude Include="engine\math\SplineCurve.h">
      <Filter>ヘッダー ファイル\math</Filter>
    </ClInclude>
    <ClInclude Include="scene\sceneObject\GameObjManager.h">
      <Filter>ヘッダー ファイル\LevelEditor</Filter>
    </ClInclude>
    <ClInclude Include="scene\sceneObject\Player\Atk1.h">
      <Filter>ヘッダー ファイル\scene\Player</Filter>
    </ClInclude>
    <ClInclude Include="scene\sceneObject\Player\FbxPlayer.h">
      <Filter>ヘッダー ファイル\scene\Player</Filter>
    </ClInclude>
    <ClInclude Include="scene\sceneObject\Player\Move.h">
      <Filter>ヘッダー ファイル\scene\Player</Filter>
    </ClInclude>
    <ClInclude Include="scene\sceneObject\Player\PlayerAction.h">
      <Filter>ヘッダー ファイル\scene\Player</Filter>
    </ClInclude>
    <ClInclude Include="scene\sceneObject\Player\PlayerActionManager.h">
      <Filter>ヘッダー ファイル\scene\Player</Filter>
    </ClInclude>
    <ClInclude Include="scene\sceneObject\Player\PlayerReticle.h">
      <Filter>ヘッダー ファイル\scene\Player</Filter>
    </ClInclude>
    <ClInclude Include="scene\sceneObject\Player\PlayerHomingBullet.h">
      <Filter>ヘッダー ファイル\scene\Player\bullet</Filter>
    </ClInclude>
    <ClInclude Include="scene\sceneObject\Player\PlayerRapidBullet.h">
      <Filter>ヘッダー ファイル\scene\Player\bullet</Filter>
    </ClInclude>
    <ClInclude Include="scene\sceneObject\Enemy\BasicEnemy.h">
      <Filter>ヘッダー ファイル\scene\enemy</Filter>
    </ClInclude>
    <ClInclude Include="scene\sceneObject\Enemy\Enemy.h">
      <Filter>ヘッダー ファイル\scene\enemy</Filter>
    </ClInclude>
    <ClInclude Include="scene\sceneObject\Enemy\EnemyManager.h">
      <Filter>ヘッダー ファイル\scene\enemy</Filter>
    </ClInclude>
    <ClInclude Include="scene\sceneObject\Enemy\WalkingEnemy.h">
      <Filter>ヘッダー ファイル\scene\enemy</Filter>
    </ClInclude>
    <ClInclude Include="scene\sceneObject\Enemy\FloatingEnemy.h">
      <Filter>ヘッダー ファイル</Filter>
    </ClInclude>
    <ClInclude Include="scene\sceneObject\Enemy\EnemyBullet\EnemyBullet.h">
      <Filter>ヘッダー ファイル</Filter>
    </ClInclude>
    <ClInclude Include="scene\sceneObject\Enemy\EnemyBullet\EnemyNormalBullet.h">
      <Filter>ヘッダー ファイル</Filter>
    </ClInclude>
    <ClInclude Include="scene\sceneObject\Enemy\OjamaFence.h">
      <Filter>ヘッダー ファイル</Filter>
    </ClInclude>
    <ClInclude Include="scene\sceneObject\Enemy\CarryBallEnemy.h">
      <Filter>ヘッダー ファイル</Filter>
    </ClInclude>
    <ClInclude Include="scene\sceneObject\Enemy\EnemyBullet\EnemyBoundBall.h">
      <Filter>ヘッダー ファイル</Filter>
    </ClInclude>
  </ItemGroup>
  <ItemGroup>
    <None Include="Resources\shaders\Obj.hlsli">
      <Filter>リソース ファイル</Filter>
    </None>
    <None Include="Resources\shaders\Basic.hlsli" />
    <None Include="Resources\shaders\RimLight.hlsli">
      <Filter>リソース ファイル</Filter>
    </None>
    <None Include="Resources\shaders\FBX.hlsli">
      <Filter>リソース ファイル</Filter>
    </None>
    <None Include="Resources\shaders\Particle.hlsli">
      <Filter>リソース ファイル</Filter>
    </None>
    <None Include=".editorconfig" />
    <None Include="Resources\carryBallEnemyPop.csv" />
  </ItemGroup>
</Project>