<?xml version="1.0" encoding="utf-8"?>
<Project ToolsVersion="4.0" xmlns="http://schemas.microsoft.com/developer/msbuild/2003">
  <ItemGroup>
    <Filter Include="ソース ファイル">
      <UniqueIdentifier>{4FC737F1-C7A5-4376-A066-2A32D752A2FF}</UniqueIdentifier>
      <Extensions>cpp;c;cc;cxx;c++;cppm;ixx;def;odl;idl;hpj;bat;asm;asmx</Extensions>
    </Filter>
    <Filter Include="ヘッダー ファイル">
      <UniqueIdentifier>{93995380-89BD-4b04-88EB-625FBE52EBFB}</UniqueIdentifier>
      <Extensions>h;hh;hpp;hxx;h++;hm;inl;inc;ipp;xsd</Extensions>
    </Filter>
    <Filter Include="リソース ファイル">
      <UniqueIdentifier>{67DA6AB6-F800-4c08-8B7A-83BB121AAD01}</UniqueIdentifier>
      <Extensions>rc;ico;cur;bmp;dlg;rc2;rct;bin;rgs;gif;jpg;jpeg;jpe;resx;tiff;tif;png;wav;mfcribbon-ms</Extensions>
    </Filter>
    <Filter Include="ソース ファイル\scene">
      <UniqueIdentifier>{b9c4bfca-e6cd-4073-9a9b-ee07c6abf107}</UniqueIdentifier>
    </Filter>
    <Filter Include="ヘッダー ファイル\scene">
      <UniqueIdentifier>{771456cb-c621-48de-97fc-d0d2aa539088}</UniqueIdentifier>
    </Filter>
    <Filter Include="ヘッダー ファイル\base">
      <UniqueIdentifier>{63f5a251-ab40-495e-a7a9-64ea7de90460}</UniqueIdentifier>
    </Filter>
    <Filter Include="ソース ファイル\base">
      <UniqueIdentifier>{e633ff4d-4912-4fb7-9257-b2f8002a0547}</UniqueIdentifier>
    </Filter>
    <Filter Include="ソース ファイル\math">
      <UniqueIdentifier>{d9484686-97fa-469e-bfdb-344b87a3eaa3}</UniqueIdentifier>
    </Filter>
    <Filter Include="ヘッダー ファイル\math">
      <UniqueIdentifier>{b253f697-3e87-4f9a-81fc-4bb5df5f03d5}</UniqueIdentifier>
    </Filter>
    <Filter Include="ソース ファイル\sprite">
      <UniqueIdentifier>{547b5758-7243-4909-96ee-63489bba17d0}</UniqueIdentifier>
    </Filter>
    <Filter Include="ヘッダー ファイル\sprite">
      <UniqueIdentifier>{7cb3f28e-172a-47a9-8de4-68f2126ac49e}</UniqueIdentifier>
    </Filter>
    <Filter Include="ソース ファイル\obj">
      <UniqueIdentifier>{3cc9226f-6120-4552-ad87-555982bfa3a9}</UniqueIdentifier>
    </Filter>
    <Filter Include="ヘッダー ファイル\obj">
      <UniqueIdentifier>{4f3dede0-8e08-4be9-bb96-ed704676bcad}</UniqueIdentifier>
    </Filter>
    <Filter Include="ソース ファイル\i/o">
      <UniqueIdentifier>{a17799bd-cad3-492b-a4dd-c15162552510}</UniqueIdentifier>
    </Filter>
    <Filter Include="ソース ファイル\i/o\i/o">
      <UniqueIdentifier>{3dd3edc9-0ede-4819-b423-6d146220c0f1}</UniqueIdentifier>
    </Filter>
  </ItemGroup>
  <ItemGroup>
    <ClCompile Include="scene\Ease.cpp">
      <Filter>ソース ファイル\scene</Filter>
    </ClCompile>
    <ClCompile Include="scene\Effect.cpp">
      <Filter>ソース ファイル\scene</Filter>
    </ClCompile>
    <ClCompile Include="scene\Field.cpp">
      <Filter>ソース ファイル\scene</Filter>
    </ClCompile>
    <ClCompile Include="scene\Goal.cpp">
      <Filter>ソース ファイル\scene</Filter>
    </ClCompile>
    <ClCompile Include="GameScene.cpp">
      <Filter>ソース ファイル\scene</Filter>
    </ClCompile>
    <ClCompile Include="main.cpp">
      <Filter>ソース ファイル\base</Filter>
    </ClCompile>
    <ClCompile Include="engine\WinApp.cpp">
      <Filter>ソース ファイル\base</Filter>
    </ClCompile>
    <ClCompile Include="engine\DirectXCommon.cpp">
      <Filter>ソース ファイル\base</Filter>
    </ClCompile>
    <ClCompile Include="scene\Bullet.cpp">
      <Filter>ソース ファイル\scene</Filter>
    </ClCompile>
    <ClCompile Include="math\Vector4.cpp">
      <Filter>ソース ファイル\math</Filter>
    </ClCompile>
    <ClCompile Include="math\Vector3.cpp">
      <Filter>ソース ファイル\math</Filter>
    </ClCompile>
    <ClCompile Include="math\Vector2.cpp">
      <Filter>ソース ファイル\math</Filter>
    </ClCompile>
    <ClCompile Include="math\Quaternion.cpp">
      <Filter>ソース ファイル\math</Filter>
    </ClCompile>
    <ClCompile Include="math\Matrix4.cpp">
      <Filter>ソース ファイル\math</Filter>
    </ClCompile>
    <ClCompile Include="math\MathFunc.cpp">
      <Filter>ソース ファイル\math</Filter>
    </ClCompile>
    <ClCompile Include="sprite\Sprite.cpp">
      <Filter>ソース ファイル\sprite</Filter>
    </ClCompile>
    <ClCompile Include="sprite\SpriteCommon.cpp">
      <Filter>ソース ファイル\sprite</Filter>
    </ClCompile>
    <ClCompile Include="obj\Object3d.cpp">
      <Filter>ソース ファイル\obj</Filter>
    </ClCompile>
    <ClCompile Include="obj\Mesh.cpp">
      <Filter>ソース ファイル\obj</Filter>
    </ClCompile>
    <ClCompile Include="input\input.cpp">
      <Filter>ソース ファイル\i/o</Filter>
    </ClCompile>
    <ClCompile Include="audio\Audio.cpp">
      <Filter>ソース ファイル\i/o</Filter>
    </ClCompile>
    <ClCompile Include="CollisionPrimitive.cpp">
      <Filter>ソース ファイル</Filter>
    </ClCompile>
    <ClCompile Include="ImGuiManager.cpp">
      <Filter>ソース ファイル</Filter>
    </ClCompile>
  </ItemGroup>
  <ItemGroup>
    <FxCompile Include="Resources\shaders\BasicVS.hlsl" />
    <FxCompile Include="Resources\shaders\BasicPS.hlsl" />
    <FxCompile Include="Resources\shaders\ObjPS.hlsl">
      <Filter>リソース ファイル</Filter>
    </FxCompile>
    <FxCompile Include="Resources\shaders\ObjVS.hlsl">
      <Filter>リソース ファイル</Filter>
    </FxCompile>
  </ItemGroup>
  <ItemGroup>
    <ClInclude Include="scene\Ease.h">
      <Filter>ヘッダー ファイル\scene</Filter>
    </ClInclude>
    <ClInclude Include="scene\Effect.h">
      <Filter>ヘッダー ファイル\scene</Filter>
    </ClInclude>
    <ClInclude Include="scene\Field.h">
      <Filter>ヘッダー ファイル\scene</Filter>
    </ClInclude>
    <ClInclude Include="scene\Goal.h">
      <Filter>ヘッダー ファイル\scene</Filter>
    </ClInclude>
    <ClInclude Include="GameScene.h">
      <Filter>ヘッダー ファイル\scene</Filter>
    </ClInclude>
    <ClInclude Include="engine\WinApp.h">
      <Filter>ヘッダー ファイル\base</Filter>
    </ClInclude>
    <ClInclude Include="engine\DirectXCommon.h">
      <Filter>ヘッダー ファイル\base</Filter>
    </ClInclude>
    <ClInclude Include="Error.h">
      <Filter>ヘッダー ファイル\base</Filter>
    </ClInclude>
    <ClInclude Include="scene\Bullet.h">
      <Filter>ヘッダー ファイル\scene</Filter>
    </ClInclude>
    <ClInclude Include="math\MathFunc.h">
      <Filter>ヘッダー ファイル\math</Filter>
    </ClInclude>
    <ClInclude Include="math\Matrix4.h">
      <Filter>ヘッダー ファイル\math</Filter>
    </ClInclude>
    <ClInclude Include="math\Quaternion.h">
      <Filter>ヘッダー ファイル\math</Filter>
    </ClInclude>
    <ClInclude Include="math\Vector2.h">
      <Filter>ヘッダー ファイル\math</Filter>
    </ClInclude>
    <ClInclude Include="math\Vector3.h">
      <Filter>ヘッダー ファイル\math</Filter>
    </ClInclude>
    <ClInclude Include="math\Vector4.h">
      <Filter>ヘッダー ファイル\math</Filter>
    </ClInclude>
    <ClInclude Include="sprite\SpriteCommon.h">
      <Filter>ヘッダー ファイル\sprite</Filter>
    </ClInclude>
    <ClInclude Include="sprite\Sprite.h">
      <Filter>ヘッダー ファイル\sprite</Filter>
    </ClInclude>
    <ClInclude Include="obj\Object3d.h">
      <Filter>ヘッダー ファイル\obj</Filter>
    </ClInclude>
    <ClInclude Include="obj\Mesh.h">
      <Filter>ヘッダー ファイル\obj</Filter>
    </ClInclude>
    <ClInclude Include="input\input.h">
      <Filter>ソース ファイル\i/o\i/o</Filter>
    </ClInclude>
    <ClInclude Include="audio\Audio.h">
      <Filter>ソース ファイル\i/o\i/o</Filter>
    </ClInclude>
    <ClInclude Include="CollisionPrimitive.h">
      <Filter>ヘッダー ファイル</Filter>
    </ClInclude>
    <ClInclude Include="ImGuiManager.h">
      <Filter>ヘッダー ファイル</Filter>
    </ClInclude>
  </ItemGroup>
  <ItemGroup>
    <None Include="Resources\shaders\Basic.hlsli" />
    <None Include="Resources\shaders\Obj.hlsli">
      <Filter>リソース ファイル</Filter>
    </None>
  </ItemGroup>
</Project>